uuid: 107a3b13-10e2-4ba1-8835-8196cde7d390
langcode: en
status: true
dependencies:
  module:
    - system
    - yukon_w3_custom
  theme:
    - yukonca_glider
id: yukonca_glider_engagementscontentblock
theme: yukonca_glider
region: content
weight: -14
provider: null
plugin: engagements_content_block
settings:
  id: engagements_content_block
  label: 'Engagements Content Block'
  label_display: '0'
  provider: yukon_w3_custom
  block_content: '<p>Take part in and find the results from Government of Yukon engagement projects.</p><p>Find a specific engagement using the search feature or browse for engagements using the filters.</p><p>Your views, knowledge and stories help us make better decisions.</p>'
visibility:
  request_path:
    id: request_path
    negate: false
    pages: /engagements
