uuid: 180071fd-5b27-4ab0-879e-1e2bc0b48624
langcode: en
status: false
dependencies:
  config:
    - views.view.documents_browse
  module:
    - system
    - views
  theme:
    - yukonca_glider
id: views_documents_block
theme: yukonca_glider
region: content
weight: -7
provider: null
plugin: 'views_block:documents_browse-block'
settings:
  id: 'views_block:documents_browse-block'
  label: ''
  label_display: visible
  provider: views
  views_label: ''
  items_per_page: none
visibility:
  request_path:
    id: request_path
    negate: true
    pages: "/documents\r\n/les-documents"
