uuid: 18da31bf-9471-4dd7-a8b5-281205a86ddd
langcode: en
status: true
dependencies:
  module:
    - system
    - yukon_w3_custom
  theme:
    - yukonca_glider
id: yukonca_glider_peaktimesblock
theme: yukonca_glider
region: content
weight: -27
provider: null
plugin: peak_times_block
settings:
  id: peak_times_block
  label: 'Peak Times Block'
  label_display: '0'
  provider: yukon_w3_custom
  block_content: '<div class="peak-times-graph peak-times-graph-legend"><div class="peak-times-graph--wrapper"><span class="poor" title="Indicator for poor availability">&nbsp;</span>&nbsp;<span class="good" title="Indicator for good availability">&nbsp;</span>&nbsp;<span class="very_good" title="Indicator for very good availability">&nbsp;</span></div><div class="peak-times-graph--labels"><span class="poor">Popular location on weekends. Arrive early afternoon if possible.</span> <span class="good">Good availability Sun. - Thurs. night. Busy weekends and holiday weekends.</span> <span class="very_good">Very good availability weekdays and weekends.</span></div></div><div class="field field-name-field-contact field-type-text-long field-label-above"><div class="field-label">Contact:&nbsp;</div><div class="field-items"><div class="field-item even"><p>For more information, email <a href="mailto:yukon.parks@yukon.ca">yukon.parks@yukon.ca</a>&nbsp;or phone 867-667-5648 or toll free in Yukon: 1-800-661-0408, extension 5648.</p><p>Report suspicious activities or disturbances to park officers at 867-456-3974, or the RCMP at 867-667-5555. For medical emergencies, call 911, or the RCMP at 867-667-5555.</p></div></div></div><p><br>&nbsp;</p>'
visibility:
  request_path:
    id: request_path
    negate: false
    pages: "/terrains-de-camping-et-lieux-de-loisirs-publics\r\n/outdoor-recreation-and-wildlife/camping/find-campground-or-recreation-site\r\n/node/1372"
