uuid: 5a091e3c-6d18-4d5a-87c9-bc1d6027f368
langcode: en
status: false
dependencies:
  config:
    - views.view.engagements
  module:
    - views
  theme:
    - yukonca_glider
id: views_block__engagements_related_block
theme: yukonca_glider
region: content
weight: -6
provider: null
plugin: 'views_block:engagements-related_block'
settings:
  id: 'views_block:engagements-related_block'
  label: ''
  label_display: '0'
  provider: views
  context_mapping: {  }
  views_label: ''
  items_per_page: none
visibility: {  }
