uuid: 2dca12d4-5b9f-498c-bfed-71a7c5693a23
langcode: en
status: true
dependencies:
  config:
    - core.entity_view_mode.node.secondary_item_block
    - field.field.node.landing_page.body
    - field.field.node.landing_page.field_department_term
    - field.field.node.landing_page.field_editor_publisher
    - field.field.node.landing_page.field_icon_dark
    - field.field.node.landing_page.field_icon_light
    - field.field.node.landing_page.field_meta_tags
    - field.field.node.landing_page.field_page_description
    - field.field.node.landing_page.field_primary_content
    - field.field.node.landing_page.field_publisher
    - field.field.node.landing_page.field_redirection
    - field.field.node.landing_page.field_secondary_content
    - field.field.node.landing_page.field_target_content
    - field.field.node.landing_page.field_yukon_editorial_team
    - node.type.landing_page
  module:
    - user
id: node.landing_page.secondary_item_block
targetEntityType: node
bundle: landing_page
mode: secondary_item_block
content:
  content_moderation_control:
    settings: {  }
    third_party_settings: {  }
    weight: -20
    region: content
  field_icon_dark:
    type: entity_reference_entity_view
    label: hidden
    settings:
      view_mode: default
      link: true
    third_party_settings: {  }
    weight: 0
    region: content
hidden:
  addtoany: true
  body: true
  field_department_term: true
  field_editor_publisher: true
  field_icon_light: true
  field_meta_tags: true
  field_page_description: true
  field_primary_content: true
  field_publisher: true
  field_redirection: true
  field_secondary_content: true
  field_target_content: true
  field_yukon_editorial_team: true
  langcode: true
  links: true
  search_api_excerpt: true
