uuid: 2121f07e-1722-4e91-a0ce-b2375b28e0b3
langcode: en
status: true
dependencies:
  module:
    - node
    - text
id: node.field_intro_text_block
field_name: field_intro_text_block
entity_type: node
type: text_long
settings: {  }
module: text
locked: false
cardinality: 1
translatable: true
indexes: {  }
persist_with_no_fields: false
custom_storage: false
